
Microsoft Visual Studio Solution File, Format Version 12.00
# Visual Studio 2012
Project("{FAE04EC0-301F-11D3-BF4B-00C04F79EFBC}") = "FixieDemo", "FixieDemo\FixieDemo.csproj", "{C1260C8A-396F-4AFA-B35C-9C6002D3CB1D}"
EndProject
Project("{2150E333-8FDC-42A3-9474-1A3956D46DE8}") = ".nuget", ".nuget", "{F6D95E66-7762-47D6-87E1-C377B4CB3453}"
	ProjectSection(SolutionItems) = preProject
		.nuget\NuGet.Config = .nuget\NuGet.Config
		.nuget\NuGet.exe = .nuget\NuGet.exe
		.nuget\NuGet.targets = .nuget\NuGet.targets
	EndProjectSection
EndProject
Project("{FAE04EC0-301F-11D3-BF4B-00C04F79EFBC}") = "FixieDemo.Categorized", "FixieDemo.Categorized\FixieDemo.Categorized.csproj", "{3BDBFB49-8F8A-486E-89EF-3813601692D2}"
EndProject
Global
	GlobalSection(SolutionConfigurationPlatforms) = preSolution
		Debug|Any CPU = Debug|Any CPU
		Release|Any CPU = Release|Any CPU
	EndGlobalSection
	GlobalSection(ProjectConfigurationPlatforms) = postSolution
		{C1260C8A-396F-4AFA-B35C-9C6002D3CB1D}.Debug|Any CPU.ActiveCfg = Debug|Any CPU
		{C1260C8A-396F-4AFA-B35C-9C6002D3CB1D}.Debug|Any CPU.Build.0 = Debug|Any CPU
		{C1260C8A-396F-4AFA-B35C-9C6002D3CB1D}.Release|Any CPU.ActiveCfg = Release|Any CPU
		{C1260C8A-396F-4AFA-B35C-9C6002D3CB1D}.Release|Any CPU.Build.0 = Release|Any CPU
		{3BDBFB49-8F8A-486E-89EF-3813601692D2}.Debug|Any CPU.ActiveCfg = Debug|Any CPU
		{3BDBFB49-8F8A-486E-89EF-3813601692D2}.Debug|Any CPU.Build.0 = Debug|Any CPU
		{3BDBFB49-8F8A-486E-89EF-3813601692D2}.Release|Any CPU.ActiveCfg = Release|Any CPU
		{3BDBFB49-8F8A-486E-89EF-3813601692D2}.Release|Any CPU.Build.0 = Release|Any CPU
	EndGlobalSection
	GlobalSection(SolutionProperties) = preSolution
		HideSolutionNode = FALSE
	EndGlobalSection
EndGlobal
